
Microsoft Visual Studio Solution File, Format Version 12.00
# Visual Studio 2013
VisualStudioVersion = 12.0.21005.1
MinimumVisualStudioVersion = 10.0.40219.1
Project("{FAE04EC0-301F-11D3-BF4B-00C04F79EFBC}") = "DemoMvvm.WS", "DemoMvvm.WS\DemoMvvm.WS.csproj", "{BEDF7CE5-34F2-45D8-92DB-9C8387F96A91}"
EndProject
Project("{FAE04EC0-301F-11D3-BF4B-00C04F79EFBC}") = "DemoMvvm.Shared", "DemoMvvm.Shared\DemoMvvm.Shared.csproj", "{B2DBDBA7-084C-471F-ACD6-5AB7810A0D1C}"
EndProject
Project("{FAE04EC0-301F-11D3-BF4B-00C04F79EFBC}") = "DemoMvvm.WP", "DemoMvvm.WP\DemoMvvm.WP.csproj", "{1CA8B18F-AB9C-4F2D-A922-FEE0D414D993}"
EndProject
Global
	GlobalSection(SolutionConfigurationPlatforms) = preSolution
		Debug|Any CPU = Debug|Any CPU
		Debug|ARM = Debug|ARM
		Debug|x64 = Debug|x64
		Debug|x86 = Debug|x86
		Release|Any CPU = Release|Any CPU
		Release|ARM = Release|ARM
		Release|x64 = Release|x64
		Release|x86 = Release|x86
	EndGlobalSection
	GlobalSection(ProjectConfigurationPlatforms) = postSolution
		{BEDF7CE5-34F2-45D8-92DB-9C8387F96A91}.Debug|Any CPU.ActiveCfg = Debug|Any CPU
		{BEDF7CE5-34F2-45D8-92DB-9C8387F96A91}.Debug|Any CPU.Build.0 = Debug|Any CPU
		{BEDF7CE5-34F2-45D8-92DB-9C8387F96A91}.Debug|Any CPU.Deploy.0 = Debug|Any CPU
		{BEDF7CE5-34F2-45D8-92DB-9C8387F96A91}.Debug|ARM.ActiveCfg = Debug|ARM
		{BEDF7CE5-34F2-45D8-92DB-9C8387F96A91}.Debug|ARM.Build.0 = Debug|ARM
		{BEDF7CE5-34F2-45D8-92DB-9C8387F96A91}.Debug|ARM.Deploy.0 = Debug|ARM
		{BEDF7CE5-34F2-45D8-92DB-9C8387F96A91}.Debug|x64.ActiveCfg = Debug|x64
		{BEDF7CE5-34F2-45D8-92DB-9C8387F96A91}.Debug|x64.Build.0 = Debug|x64
		{BEDF7CE5-34F2-45D8-92DB-9C8387F96A91}.Debug|x64.Deploy.0 = Debug|x64
		{BEDF7CE5-34F2-45D8-92DB-9C8387F96A91}.Debug|x86.ActiveCfg = Debug|x86
		{BEDF7CE5-34F2-45D8-92DB-9C8387F96A91}.Debug|x86.Build.0 = Debug|x86
		{BEDF7CE5-34F2-45D8-92DB-9C8387F96A91}.Debug|x86.Deploy.0 = Debug|x86
		{BEDF7CE5-34F2-45D8-92DB-9C8387F96A91}.Release|Any CPU.ActiveCfg = Release|Any CPU
		{BEDF7CE5-34F2-45D8-92DB-9C8387F96A91}.Release|Any CPU.Build.0 = Release|Any CPU
		{BEDF7CE5-34F2-45D8-92DB-9C8387F96A91}.Release|Any CPU.Deploy.0 = Release|Any CPU
		{BEDF7CE5-34F2-45D8-92DB-9C8387F96A91}.Release|ARM.ActiveCfg = Release|ARM
		{BEDF7CE5-34F2-45D8-92DB-9C8387F96A91}.Release|ARM.Build.0 = Release|ARM
		{BEDF7CE5-34F2-45D8-92DB-9C8387F96A91}.Release|ARM.Deploy.0 = Release|ARM
		{BEDF7CE5-34F2-45D8-92DB-9C8387F96A91}.Release|x64.ActiveCfg = Release|x64
		{BEDF7CE5-34F2-45D8-92DB-9C8387F96A91}.Release|x64.Build.0 = Release|x64
		{BEDF7CE5-34F2-45D8-92DB-9C8387F96A91}.Release|x64.Deploy.0 = Release|x64
		{BEDF7CE5-34F2-45D8-92DB-9C8387F96A91}.Release|x86.ActiveCfg = Release|x86
		{BEDF7CE5-34F2-45D8-92DB-9C8387F96A91}.Release|x86.Build.0 = Release|x86
		{BEDF7CE5-34F2-45D8-92DB-9C8387F96A91}.Release|x86.Deploy.0 = Release|x86
		{B2DBDBA7-084C-471F-ACD6-5AB7810A0D1C}.Debug|Any CPU.ActiveCfg = Debug|Any CPU
		{B2DBDBA7-084C-471F-ACD6-5AB7810A0D1C}.Debug|Any CPU.Build.0 = Debug|Any CPU
		{B2DBDBA7-084C-471F-ACD6-5AB7810A0D1C}.Debug|ARM.ActiveCfg = Debug|Any CPU
		{B2DBDBA7-084C-471F-ACD6-5AB7810A0D1C}.Debug|x64.ActiveCfg = Debug|Any CPU
		{B2DBDBA7-084C-471F-ACD6-5AB7810A0D1C}.Debug|x86.ActiveCfg = Debug|Any CPU
		{B2DBDBA7-084C-471F-ACD6-5AB7810A0D1C}.Release|Any CPU.ActiveCfg = Release|Any CPU
		{B2DBDBA7-084C-471F-ACD6-5AB7810A0D1C}.Release|Any CPU.Build.0 = Release|Any CPU
		{B2DBDBA7-084C-471F-ACD6-5AB7810A0D1C}.Release|ARM.ActiveCfg = Release|Any CPU
		{B2DBDBA7-084C-471F-ACD6-5AB7810A0D1C}.Release|x64.ActiveCfg = Release|Any CPU
		{B2DBDBA7-084C-471F-ACD6-5AB7810A0D1C}.Release|x86.ActiveCfg = Release|Any CPU
		{1CA8B18F-AB9C-4F2D-A922-FEE0D414D993}.Debug|Any CPU.ActiveCfg = Debug|Any CPU
		{1CA8B18F-AB9C-4F2D-A922-FEE0D414D993}.Debug|Any CPU.Build.0 = Debug|Any CPU
		{1CA8B18F-AB9C-4F2D-A922-FEE0D414D993}.Debug|Any CPU.Deploy.0 = Debug|Any CPU
		{1CA8B18F-AB9C-4F2D-A922-FEE0D414D993}.Debug|ARM.ActiveCfg = Debug|ARM
		{1CA8B18F-AB9C-4F2D-A922-FEE0D414D993}.Debug|ARM.Build.0 = Debug|ARM
		{1CA8B18F-AB9C-4F2D-A922-FEE0D414D993}.Debug|ARM.Deploy.0 = Debug|ARM
		{1CA8B18F-AB9C-4F2D-A922-FEE0D414D993}.Debug|x64.ActiveCfg = Debug|Any CPU
		{1CA8B18F-AB9C-4F2D-A922-FEE0D414D993}.Debug|x86.ActiveCfg = Debug|x86
		{1CA8B18F-AB9C-4F2D-A922-FEE0D414D993}.Debug|x86.Build.0 = Debug|x86
		{1CA8B18F-AB9C-4F2D-A922-FEE0D414D993}.Debug|x86.Deploy.0 = Debug|x86
		{1CA8B18F-AB9C-4F2D-A922-FEE0D414D993}.Release|Any CPU.ActiveCfg = Release|Any CPU
		{1CA8B18F-AB9C-4F2D-A922-FEE0D414D993}.Release|Any CPU.Build.0 = Release|Any CPU
		{1CA8B18F-AB9C-4F2D-A922-FEE0D414D993}.Release|Any CPU.Deploy.0 = Release|Any CPU
		{1CA8B18F-AB9C-4F2D-A922-FEE0D414D993}.Release|ARM.ActiveCfg = Release|ARM
		{1CA8B18F-AB9C-4F2D-A922-FEE0D414D993}.Release|ARM.Build.0 = Release|ARM
		{1CA8B18F-AB9C-4F2D-A922-FEE0D414D993}.Release|ARM.Deploy.0 = Release|ARM
		{1CA8B18F-AB9C-4F2D-A922-FEE0D414D993}.Release|x64.ActiveCfg = Release|Any CPU
		{1CA8B18F-AB9C-4F2D-A922-FEE0D414D993}.Release|x86.ActiveCfg = Release|x86
		{1CA8B18F-AB9C-4F2D-A922-FEE0D414D993}.Release|x86.Build.0 = Release|x86
		{1CA8B18F-AB9C-4F2D-A922-FEE0D414D993}.Release|x86.Deploy.0 = Release|x86
	EndGlobalSection
	GlobalSection(SolutionProperties) = preSolution
		HideSolutionNode = FALSE
	EndGlobalSection
EndGlobal
